{
  "name": "fs-pro",
  "version": "1.2.2",
  "lockfileVersion": 1,
  "requires": true,
  "dependencies": {
    "@types/node": {
      "version": "12.0.10",
      "resolved": "https://registry.npmjs.org/@types/node/-/node-12.0.10.tgz",
      "integrity": "sha512-LcsGbPomWsad6wmMNv7nBLw7YYYyfdYcz6xryKYQhx89c3XXan+8Q6AJ43G5XDIaklaVkK3mE4fCb0SBvMiPSQ==",
      "dev": true
    },
    "chardet": {
      "version": "0.7.0",
      "resolved": "https://registry.npmjs.org/chardet/-/chardet-0.7.0.tgz",
      "integrity": "sha512-mT8iDcrh03qDGRRmoA2hmBJnxpllMR+0/0qlzjqZES6NdiWDcZkCNAk4rPFZ9Q85r27unkiNNg8ZOiwZXBHwcA=="
    },
    "convert-size": {
      "version": "1.0.0",
      "resolved": "https://registry.npmjs.org/convert-size/-/convert-size-1.0.0.tgz",
      "integrity": "sha512-1GKuwgR+ZhXubLmS6m/RZbPboanMa9rlSgUCPTQQot2LyOhr4N+tb63u/YSF8gVLkSIYEm0+7GHayX6ocdYoqA=="
    }
  }
}
